
Microsoft Visual Studio Solution File, Format Version 12.00
# Visual Studio 14
VisualStudioVersion = 14.0.25420.1
MinimumVisualStudioVersion = 10.0.40219.1
Project("{2150E333-8FDC-42A3-9474-1A3956D46DE8}") = "Engine", "Engine", "{DBC4C0AE-5C5B-45D8-B8A5-3A2D4BB72AAF}"
EndProject
Project("{2150E333-8FDC-42A3-9474-1A3956D46DE8}") = "Games", "Games", "{F2D87C19-1F2B-40C3-AD63-1B912CAC74D8}"
EndProject
Project("{8BC9CEB8-8B4A-11D0-8D11-00A0C91BC942}") = "UE4", "Intermediate\ProjectFiles\UE4.vcxproj", "{98570811-CF46-4E01-8A5C-C9B1FB2B3B4E}"
EndProject
Project("{8BC9CEB8-8B4A-11D0-8D11-00A0C91BC942}") = "BuildingEscape", "Intermediate\ProjectFiles\BuildingEscape.vcxproj", "{7E8D013A-9881-4895-9FC9-13E96A0C7652}"
EndProject
Global
	GlobalSection(SolutionConfigurationPlatforms) = preSolution
		DebugGame Editor|HTML5 = DebugGame Editor|HTML5
		DebugGame Editor|Win32 = DebugGame Editor|Win32
		DebugGame Editor|Win64 = DebugGame Editor|Win64
		DebugGame|HTML5 = DebugGame|HTML5
		DebugGame|Win32 = DebugGame|Win32
		DebugGame|Win64 = DebugGame|Win64
		Development Editor|HTML5 = Development Editor|HTML5
		Development Editor|Win32 = Development Editor|Win32
		Development Editor|Win64 = Development Editor|Win64
		Development|HTML5 = Development|HTML5
		Development|Win32 = Development|Win32
		Development|Win64 = Development|Win64
		Shipping|HTML5 = Shipping|HTML5
		Shipping|Win32 = Shipping|Win32
		Shipping|Win64 = Shipping|Win64
	EndGlobalSection
	GlobalSection(ProjectConfigurationPlatforms) = postSolution
		{98570811-CF46-4E01-8A5C-C9B1FB2B3B4E}.DebugGame Editor|HTML5.ActiveCfg = BuiltWithUnrealBuildTool|Win32
		{98570811-CF46-4E01-8A5C-C9B1FB2B3B4E}.DebugGame Editor|HTML5.Build.0 = BuiltWithUnrealBuildTool|Win32
		{98570811-CF46-4E01-8A5C-C9B1FB2B3B4E}.DebugGame Editor|Win32.ActiveCfg = BuiltWithUnrealBuildTool|Win32
		{98570811-CF46-4E01-8A5C-C9B1FB2B3B4E}.DebugGame Editor|Win32.Build.0 = BuiltWithUnrealBuildTool|Win32
		{98570811-CF46-4E01-8A5C-C9B1FB2B3B4E}.DebugGame Editor|Win64.ActiveCfg = BuiltWithUnrealBuildTool|Win32
		{98570811-CF46-4E01-8A5C-C9B1FB2B3B4E}.DebugGame Editor|Win64.Build.0 = BuiltWithUnrealBuildTool|Win32
		{98570811-CF46-4E01-8A5C-C9B1FB2B3B4E}.DebugGame|HTML5.ActiveCfg = BuiltWithUnrealBuildTool|Win32
		{98570811-CF46-4E01-8A5C-C9B1FB2B3B4E}.DebugGame|HTML5.Build.0 = BuiltWithUnrealBuildTool|Win32
		{98570811-CF46-4E01-8A5C-C9B1FB2B3B4E}.DebugGame|Win32.ActiveCfg = BuiltWithUnrealBuildTool|Win32
		{98570811-CF46-4E01-8A5C-C9B1FB2B3B4E}.DebugGame|Win32.Build.0 = BuiltWithUnrealBuildTool|Win32
		{98570811-CF46-4E01-8A5C-C9B1FB2B3B4E}.DebugGame|Win64.ActiveCfg = BuiltWithUnrealBuildTool|Win32
		{98570811-CF46-4E01-8A5C-C9B1FB2B3B4E}.DebugGame|Win64.Build.0 = BuiltWithUnrealBuildTool|Win32
		{98570811-CF46-4E01-8A5C-C9B1FB2B3B4E}.Development Editor|HTML5.ActiveCfg = BuiltWithUnrealBuildTool|Win32
		{98570811-CF46-4E01-8A5C-C9B1FB2B3B4E}.Development Editor|HTML5.Build.0 = BuiltWithUnrealBuildTool|Win32
		{98570811-CF46-4E01-8A5C-C9B1FB2B3B4E}.Development Editor|Win32.ActiveCfg = BuiltWithUnrealBuildTool|Win32
		{98570811-CF46-4E01-8A5C-C9B1FB2B3B4E}.Development Editor|Win32.Build.0 = BuiltWithUnrealBuildTool|Win32
		{98570811-CF46-4E01-8A5C-C9B1FB2B3B4E}.Development Editor|Win64.ActiveCfg = BuiltWithUnrealBuildTool|Win32
		{98570811-CF46-4E01-8A5C-C9B1FB2B3B4E}.Development Editor|Win64.Build.0 = BuiltWithUnrealBuildTool|Win32
		{98570811-CF46-4E01-8A5C-C9B1FB2B3B4E}.Development|HTML5.ActiveCfg = BuiltWithUnrealBuildTool|Win32
		{98570811-CF46-4E01-8A5C-C9B1FB2B3B4E}.Development|HTML5.Build.0 = BuiltWithUnrealBuildTool|Win32
		{98570811-CF46-4E01-8A5C-C9B1FB2B3B4E}.Development|Win32.ActiveCfg = BuiltWithUnrealBuildTool|Win32
		{98570811-CF46-4E01-8A5C-C9B1FB2B3B4E}.Development|Win32.Build.0 = BuiltWithUnrealBuildTool|Win32
		{98570811-CF46-4E01-8A5C-C9B1FB2B3B4E}.Development|Win64.ActiveCfg = BuiltWithUnrealBuildTool|Win32
		{98570811-CF46-4E01-8A5C-C9B1FB2B3B4E}.Development|Win64.Build.0 = BuiltWithUnrealBuildTool|Win32
		{98570811-CF46-4E01-8A5C-C9B1FB2B3B4E}.Shipping|HTML5.ActiveCfg = BuiltWithUnrealBuildTool|Win32
		{98570811-CF46-4E01-8A5C-C9B1FB2B3B4E}.Shipping|HTML5.Build.0 = BuiltWithUnrealBuildTool|Win32
		{98570811-CF46-4E01-8A5C-C9B1FB2B3B4E}.Shipping|Win32.ActiveCfg = BuiltWithUnrealBuildTool|Win32
		{98570811-CF46-4E01-8A5C-C9B1FB2B3B4E}.Shipping|Win32.Build.0 = BuiltWithUnrealBuildTool|Win32
		{98570811-CF46-4E01-8A5C-C9B1FB2B3B4E}.Shipping|Win64.ActiveCfg = BuiltWithUnrealBuildTool|Win32
		{98570811-CF46-4E01-8A5C-C9B1FB2B3B4E}.Shipping|Win64.Build.0 = BuiltWithUnrealBuildTool|Win32
		{7E8D013A-9881-4895-9FC9-13E96A0C7652}.DebugGame Editor|HTML5.ActiveCfg = HTML5_DebugGame_Editor|Win32
		{7E8D013A-9881-4895-9FC9-13E96A0C7652}.DebugGame Editor|Win32.ActiveCfg = DebugGame_Editor|Win32
		{7E8D013A-9881-4895-9FC9-13E96A0C7652}.DebugGame Editor|Win64.ActiveCfg = DebugGame_Editor|x64
		{7E8D013A-9881-4895-9FC9-13E96A0C7652}.DebugGame Editor|Win64.Build.0 = DebugGame_Editor|x64
		{7E8D013A-9881-4895-9FC9-13E96A0C7652}.DebugGame|HTML5.ActiveCfg = HTML5_DebugGame_Game|Win32
		{7E8D013A-9881-4895-9FC9-13E96A0C7652}.DebugGame|HTML5.Build.0 = HTML5_DebugGame_Game|Win32
		{7E8D013A-9881-4895-9FC9-13E96A0C7652}.DebugGame|Win32.ActiveCfg = DebugGame_Game|Win32
		{7E8D013A-9881-4895-9FC9-13E96A0C7652}.DebugGame|Win32.Build.0 = DebugGame_Game|Win32
		{7E8D013A-9881-4895-9FC9-13E96A0C7652}.DebugGame|Win64.ActiveCfg = DebugGame_Game|x64
		{7E8D013A-9881-4895-9FC9-13E96A0C7652}.DebugGame|Win64.Build.0 = DebugGame_Game|x64
		{7E8D013A-9881-4895-9FC9-13E96A0C7652}.Development Editor|HTML5.ActiveCfg = HTML5_Development_Editor|Win32
		{7E8D013A-9881-4895-9FC9-13E96A0C7652}.Development Editor|Win32.ActiveCfg = Development_Editor|Win32
		{7E8D013A-9881-4895-9FC9-13E96A0C7652}.Development Editor|Win64.ActiveCfg = Development_Editor|x64
		{7E8D013A-9881-4895-9FC9-13E96A0C7652}.Development Editor|Win64.Build.0 = Development_Editor|x64
		{7E8D013A-9881-4895-9FC9-13E96A0C7652}.Development|HTML5.ActiveCfg = HTML5_Development_Game|Win32
		{7E8D013A-9881-4895-9FC9-13E96A0C7652}.Development|HTML5.Build.0 = HTML5_Development_Game|Win32
		{7E8D013A-9881-4895-9FC9-13E96A0C7652}.Development|Win32.ActiveCfg = Development_Game|Win32
		{7E8D013A-9881-4895-9FC9-13E96A0C7652}.Development|Win32.Build.0 = Development_Game|Win32
		{7E8D013A-9881-4895-9FC9-13E96A0C7652}.Development|Win64.ActiveCfg = Development_Game|x64
		{7E8D013A-9881-4895-9FC9-13E96A0C7652}.Development|Win64.Build.0 = Development_Game|x64
		{7E8D013A-9881-4895-9FC9-13E96A0C7652}.Shipping|HTML5.ActiveCfg = HTML5_Shipping_Game|Win32
		{7E8D013A-9881-4895-9FC9-13E96A0C7652}.Shipping|HTML5.Build.0 = HTML5_Shipping_Game|Win32
		{7E8D013A-9881-4895-9FC9-13E96A0C7652}.Shipping|Win32.ActiveCfg = Shipping_Game|Win32
		{7E8D013A-9881-4895-9FC9-13E96A0C7652}.Shipping|Win32.Build.0 = Shipping_Game|Win32
		{7E8D013A-9881-4895-9FC9-13E96A0C7652}.Shipping|Win64.ActiveCfg = Shipping_Game|x64
		{7E8D013A-9881-4895-9FC9-13E96A0C7652}.Shipping|Win64.Build.0 = Shipping_Game|x64
	EndGlobalSection
	GlobalSection(SolutionProperties) = preSolution
		HideSolutionNode = FALSE
	EndGlobalSection
	GlobalSection(NestedProjects) = preSolution
		{98570811-CF46-4E01-8A5C-C9B1FB2B3B4E} = {DBC4C0AE-5C5B-45D8-B8A5-3A2D4BB72AAF}
		{7E8D013A-9881-4895-9FC9-13E96A0C7652} = {F2D87C19-1F2B-40C3-AD63-1B912CAC74D8}
	EndGlobalSection
EndGlobal
